
Microsoft Visual Studio Solution File, Format Version 12.00
# Visual Studio Version 16
VisualStudioVersion = 16.0.29215.179
MinimumVisualStudioVersion = 10.0.40219.1
Project("{FAE04EC0-301F-11D3-BF4B-00C04F79EFBC}") = "CarSalesAPI", "CarSalesAPI\CarSalesAPI.csproj", "{3C53BF9C-8E91-493C-BE39-CEE62F29B741}"
EndProject
Global
	GlobalSection(SolutionConfigurationPlatforms) = preSolution
		Debug|Any CPU = Debug|Any CPU
		Release|Any CPU = Release|Any CPU
	EndGlobalSection
	GlobalSection(ProjectConfigurationPlatforms) = postSolution
		{3C53BF9C-8E91-493C-BE39-CEE62F29B741}.Debug|Any CPU.ActiveCfg = Debug|Any CPU
		{3C53BF9C-8E91-493C-BE39-CEE62F29B741}.Debug|Any CPU.Build.0 = Debug|Any CPU
		{3C53BF9C-8E91-493C-BE39-CEE62F29B741}.Release|Any CPU.ActiveCfg = Release|Any CPU
		{3C53BF9C-8E91-493C-BE39-CEE62F29B741}.Release|Any CPU.Build.0 = Release|Any CPU
	EndGlobalSection
	GlobalSection(SolutionProperties) = preSolution
		HideSolutionNode = FALSE
	EndGlobalSection
	GlobalSection(ExtensibilityGlobals) = postSolution
		SolutionGuid = {2EC5AB4F-D9BC-48D4-9DDD-B0D7FD82B2F1}
	EndGlobalSection
EndGlobal
